
Microsoft Visual Studio Solution File, Format Version 12.00
# Visual Studio Version 16
VisualStudioVersion = 16.0.31727.386
MinimumVisualStudioVersion = 10.0.40219.1
Project("{2150E333-8FDC-42A3-9474-1A3956D46DE8}") = "src", "src", "{010AA767-F1D2-4FD8-AFCA-3D0CE7F59395}"
	ProjectSection(SolutionItems) = preProject
		src\DrinkAndGo\appsettings.json = src\DrinkAndGo\appsettings.json
		src\DrinkAndGo\bower.json = src\DrinkAndGo\bower.json
		src\DrinkAndGo\Program.cs = src\DrinkAndGo\Program.cs
		src\DrinkAndGo\project.json = src\DrinkAndGo\project.json
		src\DrinkAndGo\Project_Readme.html = src\DrinkAndGo\Project_Readme.html
		src\DrinkAndGo\Startup.cs = src\DrinkAndGo\Startup.cs
		src\DrinkAndGo\web.config = src\DrinkAndGo\web.config
	EndProjectSection
EndProject
Project("{2150E333-8FDC-42A3-9474-1A3956D46DE8}") = "Solution Items", "Solution Items", "{0DA94FDB-22B1-4D80-B10F-6EE748400F45}"
	ProjectSection(SolutionItems) = preProject
		global.json = global.json
	EndProjectSection
EndProject
Project("{2150E333-8FDC-42A3-9474-1A3956D46DE8}") = "Components", "Components", "{EC6C8537-27EA-4E14-9205-3FD158B9D8FD}"
	ProjectSection(SolutionItems) = preProject
		..\New folder\Components\CategoryMenu.cs = ..\New folder\Components\CategoryMenu.cs
		..\New folder\Components\ShoppingCartSummary.cs = ..\New folder\Components\ShoppingCartSummary.cs
	EndProjectSection
EndProject
Project("{2150E333-8FDC-42A3-9474-1A3956D46DE8}") = "Controllers", "Controllers", "{9CBBED2A-52DB-4559-94F6-08936944C65E}"
	ProjectSection(SolutionItems) = preProject
		..\New folder\Controllers\AboutController.cs = ..\New folder\Controllers\AboutController.cs
		..\New folder\Controllers\AccountController.cs = ..\New folder\Controllers\AccountController.cs
		..\New folder\Controllers\DrinkController.cs = ..\New folder\Controllers\DrinkController.cs
		..\New folder\Controllers\DrinkDataController.cs = ..\New folder\Controllers\DrinkDataController.cs
		..\New folder\Controllers\HomeController.cs = ..\New folder\Controllers\HomeController.cs
		..\New folder\Controllers\OrderController.cs = ..\New folder\Controllers\OrderController.cs
		..\New folder\Controllers\ShoppingCartController.cs = ..\New folder\Controllers\ShoppingCartController.cs
	EndProjectSection
EndProject
Project("{2150E333-8FDC-42A3-9474-1A3956D46DE8}") = "Data", "Data", "{D6F3611F-036F-42CE-9027-C37FAAACA68C}"
	ProjectSection(SolutionItems) = preProject
		..\New folder\Data\AppDbContext.cs = ..\New folder\Data\AppDbContext.cs
		..\New folder\Data\DbInitializer.cs = ..\New folder\Data\DbInitializer.cs
	EndProjectSection
EndProject
Project("{2150E333-8FDC-42A3-9474-1A3956D46DE8}") = "Properties", "Properties", "{4C2A92EC-E936-4B8C-8116-77373AF148C8}"
	ProjectSection(SolutionItems) = preProject
		..\New folder\Properties\launchSettings.json = ..\New folder\Properties\launchSettings.json
	EndProjectSection
EndProject
Project("{2150E333-8FDC-42A3-9474-1A3956D46DE8}") = "TagHelpers", "TagHelpers", "{C38D5883-2981-4FE3-A6CB-17D35435C7FF}"
	ProjectSection(SolutionItems) = preProject
		..\New folder\TagHelpers\EmailTagHelper.cs = ..\New folder\TagHelpers\EmailTagHelper.cs
		..\New folder\TagHelpers\MyBoldTagHelper.cs = ..\New folder\TagHelpers\MyBoldTagHelper.cs
	EndProjectSection
EndProject
Project("{2150E333-8FDC-42A3-9474-1A3956D46DE8}") = "ViewModels", "ViewModels", "{F5E5CE95-846E-47BF-B3B3-F6A9BCD3B749}"
	ProjectSection(SolutionItems) = preProject
		..\New folder\ViewModels\DrinksListViewModel.cs = ..\New folder\ViewModels\DrinksListViewModel.cs
		..\New folder\ViewModels\DrinkViewModel.cs = ..\New folder\ViewModels\DrinkViewModel.cs
		..\New folder\ViewModels\HomeViewModel.cs = ..\New folder\ViewModels\HomeViewModel.cs
		..\New folder\ViewModels\LoginViewModel.cs = ..\New folder\ViewModels\LoginViewModel.cs
		..\New folder\ViewModels\ShoppingCartViewModel.cs = ..\New folder\ViewModels\ShoppingCartViewModel.cs
	EndProjectSection
EndProject
Project("{2150E333-8FDC-42A3-9474-1A3956D46DE8}") = "Views", "Views", "{C221793B-5623-464C-917D-1D5F42B6A0EA}"
	ProjectSection(SolutionItems) = preProject
		..\New folder\Views\_ViewImports.cshtml = ..\New folder\Views\_ViewImports.cshtml
		..\New folder\Views\_ViewStart.cshtml = ..\New folder\Views\_ViewStart.cshtml
	EndProjectSection
EndProject
Project("{2150E333-8FDC-42A3-9474-1A3956D46DE8}") = "wwwroot", "wwwroot", "{2155FE5F-EDCB-4F31-B655-7C28542E740B}"
EndProject
Project("{2150E333-8FDC-42A3-9474-1A3956D46DE8}") = "Content", "Content", "{6FE8B1EC-DA5D-42E0-9DA4-59E7298496E9}"
	ProjectSection(SolutionItems) = preProject
		..\New folder\wwwroot\Content\Site.css = ..\New folder\wwwroot\Content\Site.css
	EndProjectSection
EndProject
Project("{2150E333-8FDC-42A3-9474-1A3956D46DE8}") = "Images", "Images", "{01739F0D-3577-4167-A85A-630CD27AAAD9}"
	ProjectSection(SolutionItems) = preProject
		..\New folder\wwwroot\Images\carousel1.jpg = ..\New folder\wwwroot\Images\carousel1.jpg
		..\New folder\wwwroot\Images\carousel2.jpg = ..\New folder\wwwroot\Images\carousel2.jpg
		..\New folder\wwwroot\Images\carousel3.jpg = ..\New folder\wwwroot\Images\carousel3.jpg
	EndProjectSection
EndProject
Project("{2150E333-8FDC-42A3-9474-1A3956D46DE8}") = "lib", "lib", "{949B0BF7-20E6-4899-A20C-419FDC49083C}"
EndProject
Project("{2150E333-8FDC-42A3-9474-1A3956D46DE8}") = "About", "About", "{7652F62A-825F-4797-AFC8-5E95EC048474}"
	ProjectSection(SolutionItems) = preProject
		..\New folder\Views\About\Index.cshtml = ..\New folder\Views\About\Index.cshtml
	EndProjectSection
EndProject
Project("{2150E333-8FDC-42A3-9474-1A3956D46DE8}") = "Account", "Account", "{12115F43-BBC0-4ABE-813A-5E11B862F22A}"
	ProjectSection(SolutionItems) = preProject
		..\New folder\Views\Account\LoggedIn.cshtml = ..\New folder\Views\Account\LoggedIn.cshtml
		..\New folder\Views\Account\Login.cshtml = ..\New folder\Views\Account\Login.cshtml
		..\New folder\Views\Account\Logout.cshtml = ..\New folder\Views\Account\Logout.cshtml
		..\New folder\Views\Account\Register.cshtml = ..\New folder\Views\Account\Register.cshtml
	EndProjectSection
EndProject
Project("{2150E333-8FDC-42A3-9474-1A3956D46DE8}") = "Drink", "Drink", "{68A1BA49-CAF3-40FB-96CE-F687B685F091}"
	ProjectSection(SolutionItems) = preProject
		..\New folder\Views\Drink\Details.cshtml = ..\New folder\Views\Drink\Details.cshtml
		..\New folder\Views\Drink\List.cshtml = ..\New folder\Views\Drink\List.cshtml
	EndProjectSection
EndProject
Project("{2150E333-8FDC-42A3-9474-1A3956D46DE8}") = "Error", "Error", "{AEDC9760-1CC6-43FA-9C58-03FC702300E5}"
	ProjectSection(SolutionItems) = preProject
		..\New folder\Views\Error\Error.cshtml = ..\New folder\Views\Error\Error.cshtml
	EndProjectSection
EndProject
Project("{2150E333-8FDC-42A3-9474-1A3956D46DE8}") = "Home", "Home", "{8E5180EF-B2BB-4505-8F47-3D85D69CA2A9}"
	ProjectSection(SolutionItems) = preProject
		..\New folder\Views\Home\Index.cshtml = ..\New folder\Views\Home\Index.cshtml
	EndProjectSection
EndProject
Project("{2150E333-8FDC-42A3-9474-1A3956D46DE8}") = "Order", "Order", "{3C71D10F-4F74-4B79-9025-FE77BD5FC978}"
	ProjectSection(SolutionItems) = preProject
		..\New folder\Views\Order\Checkout.cshtml = ..\New folder\Views\Order\Checkout.cshtml
		..\New folder\Views\Order\CheckoutComplete.cshtml = ..\New folder\Views\Order\CheckoutComplete.cshtml
	EndProjectSection
EndProject
Project("{2150E333-8FDC-42A3-9474-1A3956D46DE8}") = "Shared", "Shared", "{D6F83D41-1D95-4DBE-B1E4-EB223259A6DD}"
	ProjectSection(SolutionItems) = preProject
		..\New folder\Views\Shared\_Layout.cshtml = ..\New folder\Views\Shared\_Layout.cshtml
		..\New folder\Views\Shared\Carousel.cshtml = ..\New folder\Views\Shared\Carousel.cshtml
		..\New folder\Views\Shared\DrinkOverviewSummary.cshtml = ..\New folder\Views\Shared\DrinkOverviewSummary.cshtml
		..\New folder\Views\Shared\DrinksSummary.cshtml = ..\New folder\Views\Shared\DrinksSummary.cshtml
		..\New folder\Views\Shared\LoginPartial.cshtml = ..\New folder\Views\Shared\LoginPartial.cshtml
	EndProjectSection
EndProject
Project("{2150E333-8FDC-42A3-9474-1A3956D46DE8}") = "ShoppingCart", "ShoppingCart", "{15709B78-B202-4B2C-844D-3029009E6B03}"
	ProjectSection(SolutionItems) = preProject
		..\New folder\Views\ShoppingCart\Index.cshtml = ..\New folder\Views\ShoppingCart\Index.cshtml
	EndProjectSection
EndProject
Project("{2150E333-8FDC-42A3-9474-1A3956D46DE8}") = "Components", "Components", "{2964FE55-0F3B-4BA9-8461-53E5C9543772}"
EndProject
Project("{2150E333-8FDC-42A3-9474-1A3956D46DE8}") = "CategoryMenu", "CategoryMenu", "{4590AA94-5E06-48E5-B2C3-6BBD8F274AA0}"
	ProjectSection(SolutionItems) = preProject
		..\New folder\Views\Shared\Components\CategoryMenu\Default.cshtml = ..\New folder\Views\Shared\Components\CategoryMenu\Default.cshtml
	EndProjectSection
EndProject
Project("{2150E333-8FDC-42A3-9474-1A3956D46DE8}") = "ShoppingCartSummary", "ShoppingCartSummary", "{9CA443B9-29B9-41E3-8C5B-761076F20F63}"
	ProjectSection(SolutionItems) = preProject
		..\New folder\Views\Shared\Components\ShoppingCartSummary\Default.cshtml = ..\New folder\Views\Shared\Components\ShoppingCartSummary\Default.cshtml
	EndProjectSection
EndProject
Project("{2150E333-8FDC-42A3-9474-1A3956D46DE8}") = "Interfaces", "Interfaces", "{89CF21B7-4998-4771-8EFC-D0697FE949BC}"
	ProjectSection(SolutionItems) = preProject
		..\New folder\Data\Interfaces\ICategoryRepository.cs = ..\New folder\Data\Interfaces\ICategoryRepository.cs
		..\New folder\Data\Interfaces\IDrinkRepository.cs = ..\New folder\Data\Interfaces\IDrinkRepository.cs
		..\New folder\Data\Interfaces\IOrderRepository.cs = ..\New folder\Data\Interfaces\IOrderRepository.cs
	EndProjectSection
EndProject
Project("{2150E333-8FDC-42A3-9474-1A3956D46DE8}") = "Mocks", "Mocks", "{4F5267B2-3500-4519-81F2-2DA7DE6223BC}"
	ProjectSection(SolutionItems) = preProject
		..\New folder\Data\Mocks\MockCategoryRepository.cs = ..\New folder\Data\Mocks\MockCategoryRepository.cs
		..\New folder\Data\Mocks\MockDrinkRepository.cs = ..\New folder\Data\Mocks\MockDrinkRepository.cs
	EndProjectSection
EndProject
Project("{2150E333-8FDC-42A3-9474-1A3956D46DE8}") = "Models", "Models", "{190678DF-EFF1-4881-9C89-4B15F854C682}"
	ProjectSection(SolutionItems) = preProject
		..\New folder\Data\Models\Category.cs = ..\New folder\Data\Models\Category.cs
		..\New folder\Data\Models\Drink.cs = ..\New folder\Data\Models\Drink.cs
		..\New folder\Data\Models\Order.cs = ..\New folder\Data\Models\Order.cs
		..\New folder\Data\Models\OrderDetail.cs = ..\New folder\Data\Models\OrderDetail.cs
		..\New folder\Data\Models\ShoppingCart.cs = ..\New folder\Data\Models\ShoppingCart.cs
		..\New folder\Data\Models\ShoppingCartItem.cs = ..\New folder\Data\Models\ShoppingCartItem.cs
	EndProjectSection
EndProject
Project("{2150E333-8FDC-42A3-9474-1A3956D46DE8}") = "Repositories", "Repositories", "{EE4FBA71-78D2-48E1-BA64-6D5CB4654C42}"
	ProjectSection(SolutionItems) = preProject
		..\New folder\Data\Repositories\CategoryRepository.cs = ..\New folder\Data\Repositories\CategoryRepository.cs
		..\New folder\Data\Repositories\DrinkRepository.cs = ..\New folder\Data\Repositories\DrinkRepository.cs
		..\New folder\Data\Repositories\OrderRepository.cs = ..\New folder\Data\Repositories\OrderRepository.cs
	EndProjectSection
EndProject
Project("{2150E333-8FDC-42A3-9474-1A3956D46DE8}") = "bootstrap", "bootstrap", "{1896EFEC-BF61-4118-906B-574C4EFABFDE}"
	ProjectSection(SolutionItems) = preProject
		..\New folder\wwwroot\lib\bootstrap\.bower.json = ..\New folder\wwwroot\lib\bootstrap\.bower.json
		..\New folder\wwwroot\lib\bootstrap\bower.json = ..\New folder\wwwroot\lib\bootstrap\bower.json
		..\New folder\wwwroot\lib\bootstrap\CHANGELOG.md = ..\New folder\wwwroot\lib\bootstrap\CHANGELOG.md
		..\New folder\wwwroot\lib\bootstrap\Gemfile = ..\New folder\wwwroot\lib\bootstrap\Gemfile
		..\New folder\wwwroot\lib\bootstrap\Gemfile.lock = ..\New folder\wwwroot\lib\bootstrap\Gemfile.lock
		..\New folder\wwwroot\lib\bootstrap\Gruntfile.js = ..\New folder\wwwroot\lib\bootstrap\Gruntfile.js
		..\New folder\wwwroot\lib\bootstrap\ISSUE_TEMPLATE.md = ..\New folder\wwwroot\lib\bootstrap\ISSUE_TEMPLATE.md
		..\New folder\wwwroot\lib\bootstrap\LICENSE = ..\New folder\wwwroot\lib\bootstrap\LICENSE
		..\New folder\wwwroot\lib\bootstrap\package.js = ..\New folder\wwwroot\lib\bootstrap\package.js
		..\New folder\wwwroot\lib\bootstrap\package.json = ..\New folder\wwwroot\lib\bootstrap\package.json
		..\New folder\wwwroot\lib\bootstrap\README.md = ..\New folder\wwwroot\lib\bootstrap\README.md
	EndProjectSection
EndProject
Project("{2150E333-8FDC-42A3-9474-1A3956D46DE8}") = "jquery", "jquery", "{17BA5147-105A-46F1-A5EE-18132CCE0A74}"
	ProjectSection(SolutionItems) = preProject
		..\New folder\wwwroot\lib\jquery\.bower.json = ..\New folder\wwwroot\lib\jquery\.bower.json
		..\New folder\wwwroot\lib\jquery\AUTHORS.txt = ..\New folder\wwwroot\lib\jquery\AUTHORS.txt
		..\New folder\wwwroot\lib\jquery\bower.json = ..\New folder\wwwroot\lib\jquery\bower.json
		..\New folder\wwwroot\lib\jquery\LICENSE.txt = ..\New folder\wwwroot\lib\jquery\LICENSE.txt
		..\New folder\wwwroot\lib\jquery\README.md = ..\New folder\wwwroot\lib\jquery\README.md
	EndProjectSection
EndProject
Project("{2150E333-8FDC-42A3-9474-1A3956D46DE8}") = "dist", "dist", "{B7AE37AA-67FA-439E-A401-59B12B85A8A0}"
	ProjectSection(SolutionItems) = preProject
		..\New folder\wwwroot\lib\jquery\dist\core.js = ..\New folder\wwwroot\lib\jquery\dist\core.js
		..\New folder\wwwroot\lib\jquery\dist\jquery.js = ..\New folder\wwwroot\lib\jquery\dist\jquery.js
		..\New folder\wwwroot\lib\jquery\dist\jquery.min.js = ..\New folder\wwwroot\lib\jquery\dist\jquery.min.js
		..\New folder\wwwroot\lib\jquery\dist\jquery.min.map = ..\New folder\wwwroot\lib\jquery\dist\jquery.min.map
		..\New folder\wwwroot\lib\jquery\dist\jquery.slim.js = ..\New folder\wwwroot\lib\jquery\dist\jquery.slim.js
		..\New folder\wwwroot\lib\jquery\dist\jquery.slim.min.js = ..\New folder\wwwroot\lib\jquery\dist\jquery.slim.min.js
		..\New folder\wwwroot\lib\jquery\dist\jquery.slim.min.map = ..\New folder\wwwroot\lib\jquery\dist\jquery.slim.min.map
	EndProjectSection
EndProject
Project("{2150E333-8FDC-42A3-9474-1A3956D46DE8}") = "external", "external", "{B4444EAD-3AF0-44FA-A54E-3A4CCA336F83}"
EndProject
Project("{2150E333-8FDC-42A3-9474-1A3956D46DE8}") = "src", "src", "{5DFC0157-5A4B-4CB0-A88D-F3A13E217D0C}"
	ProjectSection(SolutionItems) = preProject
		..\New folder\wwwroot\lib\jquery\src\.eslintrc.json = ..\New folder\wwwroot\lib\jquery\src\.eslintrc.json
		..\New folder\wwwroot\lib\jquery\src\ajax.js = ..\New folder\wwwroot\lib\jquery\src\ajax.js
		..\New folder\wwwroot\lib\jquery\src\attributes.js = ..\New folder\wwwroot\lib\jquery\src\attributes.js
		..\New folder\wwwroot\lib\jquery\src\callbacks.js = ..\New folder\wwwroot\lib\jquery\src\callbacks.js
		..\New folder\wwwroot\lib\jquery\src\core.js = ..\New folder\wwwroot\lib\jquery\src\core.js
		..\New folder\wwwroot\lib\jquery\src\css.js = ..\New folder\wwwroot\lib\jquery\src\css.js
		..\New folder\wwwroot\lib\jquery\src\data.js = ..\New folder\wwwroot\lib\jquery\src\data.js
		..\New folder\wwwroot\lib\jquery\src\deferred.js = ..\New folder\wwwroot\lib\jquery\src\deferred.js
		..\New folder\wwwroot\lib\jquery\src\deprecated.js = ..\New folder\wwwroot\lib\jquery\src\deprecated.js
		..\New folder\wwwroot\lib\jquery\src\dimensions.js = ..\New folder\wwwroot\lib\jquery\src\dimensions.js
		..\New folder\wwwroot\lib\jquery\src\effects.js = ..\New folder\wwwroot\lib\jquery\src\effects.js
		..\New folder\wwwroot\lib\jquery\src\event.js = ..\New folder\wwwroot\lib\jquery\src\event.js
		..\New folder\wwwroot\lib\jquery\src\jquery.js = ..\New folder\wwwroot\lib\jquery\src\jquery.js
		..\New folder\wwwroot\lib\jquery\src\manipulation.js = ..\New folder\wwwroot\lib\jquery\src\manipulation.js
		..\New folder\wwwroot\lib\jquery\src\offset.js = ..\New folder\wwwroot\lib\jquery\src\offset.js
		..\New folder\wwwroot\lib\jquery\src\queue.js = ..\New folder\wwwroot\lib\jquery\src\queue.js
		..\New folder\wwwroot\lib\jquery\src\selector-native.js = ..\New folder\wwwroot\lib\jquery\src\selector-native.js
		..\New folder\wwwroot\lib\jquery\src\selector-sizzle.js = ..\New folder\wwwroot\lib\jquery\src\selector-sizzle.js
		..\New folder\wwwroot\lib\jquery\src\selector.js = ..\New folder\wwwroot\lib\jquery\src\selector.js
		..\New folder\wwwroot\lib\jquery\src\serialize.js = ..\New folder\wwwroot\lib\jquery\src\serialize.js
		..\New folder\wwwroot\lib\jquery\src\traversing.js = ..\New folder\wwwroot\lib\jquery\src\traversing.js
		..\New folder\wwwroot\lib\jquery\src\wrap.js = ..\New folder\wwwroot\lib\jquery\src\wrap.js
	EndProjectSection
EndProject
Project("{2150E333-8FDC-42A3-9474-1A3956D46DE8}") = "sizzle", "sizzle", "{C138CCE2-F519-4740-B570-6E8C03E378D7}"
	ProjectSection(SolutionItems) = preProject
		..\New folder\wwwroot\lib\jquery\external\sizzle\LICENSE.txt = ..\New folder\wwwroot\lib\jquery\external\sizzle\LICENSE.txt
	EndProjectSection
EndProject
Project("{2150E333-8FDC-42A3-9474-1A3956D46DE8}") = "dist", "dist", "{3B9DD242-EA28-4FB1-8DDE-C374CBCCBC4D}"
	ProjectSection(SolutionItems) = preProject
		..\New folder\wwwroot\lib\jquery\external\sizzle\dist\sizzle.js = ..\New folder\wwwroot\lib\jquery\external\sizzle\dist\sizzle.js
		..\New folder\wwwroot\lib\jquery\external\sizzle\dist\sizzle.min.js = ..\New folder\wwwroot\lib\jquery\external\sizzle\dist\sizzle.min.js
		..\New folder\wwwroot\lib\jquery\external\sizzle\dist\sizzle.min.map = ..\New folder\wwwroot\lib\jquery\external\sizzle\dist\sizzle.min.map
	EndProjectSection
EndProject
Project("{2150E333-8FDC-42A3-9474-1A3956D46DE8}") = "dist", "dist", "{D68BD093-F0D8-4570-99A5-E950DFB148D8}"
EndProject
Project("{2150E333-8FDC-42A3-9474-1A3956D46DE8}") = "fonts", "fonts", "{CEC441B9-80A0-45A1-9B11-2426321FF6AC}"
	ProjectSection(SolutionItems) = preProject
		..\New folder\wwwroot\lib\bootstrap\fonts\glyphicons-halflings-regular.eot = ..\New folder\wwwroot\lib\bootstrap\fonts\glyphicons-halflings-regular.eot
		..\New folder\wwwroot\lib\bootstrap\fonts\glyphicons-halflings-regular.svg = ..\New folder\wwwroot\lib\bootstrap\fonts\glyphicons-halflings-regular.svg
		..\New folder\wwwroot\lib\bootstrap\fonts\glyphicons-halflings-regular.ttf = ..\New folder\wwwroot\lib\bootstrap\fonts\glyphicons-halflings-regular.ttf
		..\New folder\wwwroot\lib\bootstrap\fonts\glyphicons-halflings-regular.woff = ..\New folder\wwwroot\lib\bootstrap\fonts\glyphicons-halflings-regular.woff
		..\New folder\wwwroot\lib\bootstrap\fonts\glyphicons-halflings-regular.woff2 = ..\New folder\wwwroot\lib\bootstrap\fonts\glyphicons-halflings-regular.woff2
	EndProjectSection
EndProject
Project("{2150E333-8FDC-42A3-9474-1A3956D46DE8}") = "grunt", "grunt", "{871B9439-0DD2-4BE6-BA03-6656EB282AA1}"
	ProjectSection(SolutionItems) = preProject
		..\New folder\wwwroot\lib\bootstrap\grunt\.jshintrc = ..\New folder\wwwroot\lib\bootstrap\grunt\.jshintrc
		..\New folder\wwwroot\lib\bootstrap\grunt\bs-commonjs-generator.js = ..\New folder\wwwroot\lib\bootstrap\grunt\bs-commonjs-generator.js
		..\New folder\wwwroot\lib\bootstrap\grunt\bs-glyphicons-data-generator.js = ..\New folder\wwwroot\lib\bootstrap\grunt\bs-glyphicons-data-generator.js
		..\New folder\wwwroot\lib\bootstrap\grunt\bs-lessdoc-parser.js = ..\New folder\wwwroot\lib\bootstrap\grunt\bs-lessdoc-parser.js
		..\New folder\wwwroot\lib\bootstrap\grunt\bs-raw-files-generator.js = ..\New folder\wwwroot\lib\bootstrap\grunt\bs-raw-files-generator.js
		..\New folder\wwwroot\lib\bootstrap\grunt\change-version.js = ..\New folder\wwwroot\lib\bootstrap\grunt\change-version.js
		..\New folder\wwwroot\lib\bootstrap\grunt\configBridge.json = ..\New folder\wwwroot\lib\bootstrap\grunt\configBridge.json
		..\New folder\wwwroot\lib\bootstrap\grunt\npm-shrinkwrap.json = ..\New folder\wwwroot\lib\bootstrap\grunt\npm-shrinkwrap.json
		..\New folder\wwwroot\lib\bootstrap\grunt\sauce_browsers.yml = ..\New folder\wwwroot\lib\bootstrap\grunt\sauce_browsers.yml
	EndProjectSection
EndProject
Project("{2150E333-8FDC-42A3-9474-1A3956D46DE8}") = "js", "js", "{3B9ADAD0-6EC2-48AE-AFB9-88DC43E16C47}"
	ProjectSection(SolutionItems) = preProject
		..\New folder\wwwroot\lib\bootstrap\js\.jscsrc = ..\New folder\wwwroot\lib\bootstrap\js\.jscsrc
		..\New folder\wwwroot\lib\bootstrap\js\.jshintrc = ..\New folder\wwwroot\lib\bootstrap\js\.jshintrc
		..\New folder\wwwroot\lib\bootstrap\js\affix.js = ..\New folder\wwwroot\lib\bootstrap\js\affix.js
		..\New folder\wwwroot\lib\bootstrap\js\alert.js = ..\New folder\wwwroot\lib\bootstrap\js\alert.js
		..\New folder\wwwroot\lib\bootstrap\js\button.js = ..\New folder\wwwroot\lib\bootstrap\js\button.js
		..\New folder\wwwroot\lib\bootstrap\js\carousel.js = ..\New folder\wwwroot\lib\bootstrap\js\carousel.js
		..\New folder\wwwroot\lib\bootstrap\js\collapse.js = ..\New folder\wwwroot\lib\bootstrap\js\collapse.js
		..\New folder\wwwroot\lib\bootstrap\js\dropdown.js = ..\New folder\wwwroot\lib\bootstrap\js\dropdown.js
		..\New folder\wwwroot\lib\bootstrap\js\modal.js = ..\New folder\wwwroot\lib\bootstrap\js\modal.js
		..\New folder\wwwroot\lib\bootstrap\js\popover.js = ..\New folder\wwwroot\lib\bootstrap\js\popover.js
		..\New folder\wwwroot\lib\bootstrap\js\scrollspy.js = ..\New folder\wwwroot\lib\bootstrap\js\scrollspy.js
		..\New folder\wwwroot\lib\bootstrap\js\tab.js = ..\New folder\wwwroot\lib\bootstrap\js\tab.js
		..\New folder\wwwroot\lib\bootstrap\js\tooltip.js = ..\New folder\wwwroot\lib\bootstrap\js\tooltip.js
		..\New folder\wwwroot\lib\bootstrap\js\transition.js = ..\New folder\wwwroot\lib\bootstrap\js\transition.js
	EndProjectSection
EndProject
Project("{2150E333-8FDC-42A3-9474-1A3956D46DE8}") = "less", "less", "{C22508F9-0974-4270-9A13-1237BCAFDDB1}"
	ProjectSection(SolutionItems) = preProject
		..\New folder\wwwroot\lib\bootstrap\less\.csscomb.json = ..\New folder\wwwroot\lib\bootstrap\less\.csscomb.json
		..\New folder\wwwroot\lib\bootstrap\less\.csslintrc = ..\New folder\wwwroot\lib\bootstrap\less\.csslintrc
		..\New folder\wwwroot\lib\bootstrap\less\alerts.less = ..\New folder\wwwroot\lib\bootstrap\less\alerts.less
		..\New folder\wwwroot\lib\bootstrap\less\badges.less = ..\New folder\wwwroot\lib\bootstrap\less\badges.less
		..\New folder\wwwroot\lib\bootstrap\less\bootstrap.less = ..\New folder\wwwroot\lib\bootstrap\less\bootstrap.less
		..\New folder\wwwroot\lib\bootstrap\less\breadcrumbs.less = ..\New folder\wwwroot\lib\bootstrap\less\breadcrumbs.less
		..\New folder\wwwroot\lib\bootstrap\less\button-groups.less = ..\New folder\wwwroot\lib\bootstrap\less\button-groups.less
		..\New folder\wwwroot\lib\bootstrap\less\buttons.less = ..\New folder\wwwroot\lib\bootstrap\less\buttons.less
		..\New folder\wwwroot\lib\bootstrap\less\carousel.less = ..\New folder\wwwroot\lib\bootstrap\less\carousel.less
		..\New folder\wwwroot\lib\bootstrap\less\close.less = ..\New folder\wwwroot\lib\bootstrap\less\close.less
		..\New folder\wwwroot\lib\bootstrap\less\code.less = ..\New folder\wwwroot\lib\bootstrap\less\code.less
		..\New folder\wwwroot\lib\bootstrap\less\component-animations.less = ..\New folder\wwwroot\lib\bootstrap\less\component-animations.less
		..\New folder\wwwroot\lib\bootstrap\less\dropdowns.less = ..\New folder\wwwroot\lib\bootstrap\less\dropdowns.less
		..\New folder\wwwroot\lib\bootstrap\less\forms.less = ..\New folder\wwwroot\lib\bootstrap\less\forms.less
		..\New folder\wwwroot\lib\bootstrap\less\glyphicons.less = ..\New folder\wwwroot\lib\bootstrap\less\glyphicons.less
		..\New folder\wwwroot\lib\bootstrap\less\grid.less = ..\New folder\wwwroot\lib\bootstrap\less\grid.less
		..\New folder\wwwroot\lib\bootstrap\less\input-groups.less = ..\New folder\wwwroot\lib\bootstrap\less\input-groups.less
		..\New folder\wwwroot\lib\bootstrap\less\jumbotron.less = ..\New folder\wwwroot\lib\bootstrap\less\jumbotron.less
		..\New folder\wwwroot\lib\bootstrap\less\labels.less = ..\New folder\wwwroot\lib\bootstrap\less\labels.less
		..\New folder\wwwroot\lib\bootstrap\less\list-group.less = ..\New folder\wwwroot\lib\bootstrap\less\list-group.less
		..\New folder\wwwroot\lib\bootstrap\less\media.less = ..\New folder\wwwroot\lib\bootstrap\less\media.less
		..\New folder\wwwroot\lib\bootstrap\less\mixins.less = ..\New folder\wwwroot\lib\bootstrap\less\mixins.less
		..\New folder\wwwroot\lib\bootstrap\less\modals.less = ..\New folder\wwwroot\lib\bootstrap\less\modals.less
		..\New folder\wwwroot\lib\bootstrap\less\navbar.less = ..\New folder\wwwroot\lib\bootstrap\less\navbar.less
		..\New folder\wwwroot\lib\bootstrap\less\navs.less = ..\New folder\wwwroot\lib\bootstrap\less\navs.less
		..\New folder\wwwroot\lib\bootstrap\less\normalize.less = ..\New folder\wwwroot\lib\bootstrap\less\normalize.less
		..\New folder\wwwroot\lib\bootstrap\less\pager.less = ..\New folder\wwwroot\lib\bootstrap\less\pager.less
		..\New folder\wwwroot\lib\bootstrap\less\pagination.less = ..\New folder\wwwroot\lib\bootstrap\less\pagination.less
		..\New folder\wwwroot\lib\bootstrap\less\panels.less = ..\New folder\wwwroot\lib\bootstrap\less\panels.less
		..\New folder\wwwroot\lib\bootstrap\less\popovers.less = ..\New folder\wwwroot\lib\bootstrap\less\popovers.less
		..\New folder\wwwroot\lib\bootstrap\less\print.less = ..\New folder\wwwroot\lib\bootstrap\less\print.less
		..\New folder\wwwroot\lib\bootstrap\less\progress-bars.less = ..\New folder\wwwroot\lib\bootstrap\less\progress-bars.less
		..\New folder\wwwroot\lib\bootstrap\less\responsive-embed.less = ..\New folder\wwwroot\lib\bootstrap\less\responsive-embed.less
		..\New folder\wwwroot\lib\bootstrap\less\responsive-utilities.less = ..\New folder\wwwroot\lib\bootstrap\less\responsive-utilities.less
		..\New folder\wwwroot\lib\bootstrap\less\scaffolding.less = ..\New folder\wwwroot\lib\bootstrap\less\scaffolding.less
		..\New folder\wwwroot\lib\bootstrap\less\tables.less = ..\New folder\wwwroot\lib\bootstrap\less\tables.less
		..\New folder\wwwroot\lib\bootstrap\less\theme.less = ..\New folder\wwwroot\lib\bootstrap\less\theme.less
		..\New folder\wwwroot\lib\bootstrap\less\thumbnails.less = ..\New folder\wwwroot\lib\bootstrap\less\thumbnails.less
		..\New folder\wwwroot\lib\bootstrap\less\tooltip.less = ..\New folder\wwwroot\lib\bootstrap\less\tooltip.less
		..\New folder\wwwroot\lib\bootstrap\less\type.less = ..\New folder\wwwroot\lib\bootstrap\less\type.less
		..\New folder\wwwroot\lib\bootstrap\less\utilities.less = ..\New folder\wwwroot\lib\bootstrap\less\utilities.less
		..\New folder\wwwroot\lib\bootstrap\less\variables.less = ..\New folder\wwwroot\lib\bootstrap\less\variables.less
		..\New folder\wwwroot\lib\bootstrap\less\wells.less = ..\New folder\wwwroot\lib\bootstrap\less\wells.less
	EndProjectSection
EndProject
Project("{2150E333-8FDC-42A3-9474-1A3956D46DE8}") = "nuget", "nuget", "{94E1679E-587A-4BC1-BF76-DE0817AA3F21}"
	ProjectSection(SolutionItems) = preProject
		..\New folder\wwwroot\lib\bootstrap\nuget\bootstrap.less.nuspec = ..\New folder\wwwroot\lib\bootstrap\nuget\bootstrap.less.nuspec
		..\New folder\wwwroot\lib\bootstrap\nuget\bootstrap.nuspec = ..\New folder\wwwroot\lib\bootstrap\nuget\bootstrap.nuspec
		..\New folder\wwwroot\lib\bootstrap\nuget\MyGet.ps1 = ..\New folder\wwwroot\lib\bootstrap\nuget\MyGet.ps1
	EndProjectSection
EndProject
Project("{2150E333-8FDC-42A3-9474-1A3956D46DE8}") = "mixins", "mixins", "{04937946-E56C-4D8B-8598-435082648260}"
	ProjectSection(SolutionItems) = preProject
		..\New folder\wwwroot\lib\bootstrap\less\mixins\alerts.less = ..\New folder\wwwroot\lib\bootstrap\less\mixins\alerts.less
		..\New folder\wwwroot\lib\bootstrap\less\mixins\background-variant.less = ..\New folder\wwwroot\lib\bootstrap\less\mixins\background-variant.less
		..\New folder\wwwroot\lib\bootstrap\less\mixins\border-radius.less = ..\New folder\wwwroot\lib\bootstrap\less\mixins\border-radius.less
		..\New folder\wwwroot\lib\bootstrap\less\mixins\buttons.less = ..\New folder\wwwroot\lib\bootstrap\less\mixins\buttons.less
		..\New folder\wwwroot\lib\bootstrap\less\mixins\center-block.less = ..\New folder\wwwroot\lib\bootstrap\less\mixins\center-block.less
		..\New folder\wwwroot\lib\bootstrap\less\mixins\clearfix.less = ..\New folder\wwwroot\lib\bootstrap\less\mixins\clearfix.less
		..\New folder\wwwroot\lib\bootstrap\less\mixins\forms.less = ..\New folder\wwwroot\lib\bootstrap\less\mixins\forms.less
		..\New folder\wwwroot\lib\bootstrap\less\mixins\gradients.less = ..\New folder\wwwroot\lib\bootstrap\less\mixins\gradients.less
		..\New folder\wwwroot\lib\bootstrap\less\mixins\grid-framework.less = ..\New folder\wwwroot\lib\bootstrap\less\mixins\grid-framework.less
		..\New folder\wwwroot\lib\bootstrap\less\mixins\grid.less = ..\New folder\wwwroot\lib\bootstrap\less\mixins\grid.less
		..\New folder\wwwroot\lib\bootstrap\less\mixins\hide-text.less = ..\New folder\wwwroot\lib\bootstrap\less\mixins\hide-text.less
		..\New folder\wwwroot\lib\bootstrap\less\mixins\image.less = ..\New folder\wwwroot\lib\bootstrap\less\mixins\image.less
		..\New folder\wwwroot\lib\bootstrap\less\mixins\labels.less = ..\New folder\wwwroot\lib\bootstrap\less\mixins\labels.less
		..\New folder\wwwroot\lib\bootstrap\less\mixins\list-group.less = ..\New folder\wwwroot\lib\bootstrap\less\mixins\list-group.less
		..\New folder\wwwroot\lib\bootstrap\less\mixins\nav-divider.less = ..\New folder\wwwroot\lib\bootstrap\less\mixins\nav-divider.less
		..\New folder\wwwroot\lib\bootstrap\less\mixins\nav-vertical-align.less = ..\New folder\wwwroot\lib\bootstrap\less\mixins\nav-vertical-align.less
		..\New folder\wwwroot\lib\bootstrap\less\mixins\opacity.less = ..\New folder\wwwroot\lib\bootstrap\less\mixins\opacity.less
		..\New folder\wwwroot\lib\bootstrap\less\mixins\pagination.less = ..\New folder\wwwroot\lib\bootstrap\less\mixins\pagination.less
		..\New folder\wwwroot\lib\bootstrap\less\mixins\panels.less = ..\New folder\wwwroot\lib\bootstrap\less\mixins\panels.less
		..\New folder\wwwroot\lib\bootstrap\less\mixins\progress-bar.less = ..\New folder\wwwroot\lib\bootstrap\less\mixins\progress-bar.less
		..\New folder\wwwroot\lib\bootstrap\less\mixins\reset-filter.less = ..\New folder\wwwroot\lib\bootstrap\less\mixins\reset-filter.less
		..\New folder\wwwroot\lib\bootstrap\less\mixins\reset-text.less = ..\New folder\wwwroot\lib\bootstrap\less\mixins\reset-text.less
		..\New folder\wwwroot\lib\bootstrap\less\mixins\resize.less = ..\New folder\wwwroot\lib\bootstrap\less\mixins\resize.less
		..\New folder\wwwroot\lib\bootstrap\less\mixins\responsive-visibility.less = ..\New folder\wwwroot\lib\bootstrap\less\mixins\responsive-visibility.less
		..\New folder\wwwroot\lib\bootstrap\less\mixins\size.less = ..\New folder\wwwroot\lib\bootstrap\less\mixins\size.less
		..\New folder\wwwroot\lib\bootstrap\less\mixins\tab-focus.less = ..\New folder\wwwroot\lib\bootstrap\less\mixins\tab-focus.less
		..\New folder\wwwroot\lib\bootstrap\less\mixins\table-row.less = ..\New folder\wwwroot\lib\bootstrap\less\mixins\table-row.less
		..\New folder\wwwroot\lib\bootstrap\less\mixins\text-emphasis.less = ..\New folder\wwwroot\lib\bootstrap\less\mixins\text-emphasis.less
		..\New folder\wwwroot\lib\bootstrap\less\mixins\text-overflow.less = ..\New folder\wwwroot\lib\bootstrap\less\mixins\text-overflow.less
		..\New folder\wwwroot\lib\bootstrap\less\mixins\vendor-prefixes.less = ..\New folder\wwwroot\lib\bootstrap\less\mixins\vendor-prefixes.less
	EndProjectSection
EndProject
Project("{2150E333-8FDC-42A3-9474-1A3956D46DE8}") = "css", "css", "{82A61694-3258-4C5B-9BB3-61956D57CA14}"
	ProjectSection(SolutionItems) = preProject
		..\New folder\wwwroot\lib\bootstrap\dist\css\bootstrap-theme.css = ..\New folder\wwwroot\lib\bootstrap\dist\css\bootstrap-theme.css
		..\New folder\wwwroot\lib\bootstrap\dist\css\bootstrap-theme.css.map = ..\New folder\wwwroot\lib\bootstrap\dist\css\bootstrap-theme.css.map
		..\New folder\wwwroot\lib\bootstrap\dist\css\bootstrap-theme.min.css = ..\New folder\wwwroot\lib\bootstrap\dist\css\bootstrap-theme.min.css
		..\New folder\wwwroot\lib\bootstrap\dist\css\bootstrap-theme.min.css.map = ..\New folder\wwwroot\lib\bootstrap\dist\css\bootstrap-theme.min.css.map
		..\New folder\wwwroot\lib\bootstrap\dist\css\bootstrap.css = ..\New folder\wwwroot\lib\bootstrap\dist\css\bootstrap.css
		..\New folder\wwwroot\lib\bootstrap\dist\css\bootstrap.css.map = ..\New folder\wwwroot\lib\bootstrap\dist\css\bootstrap.css.map
		..\New folder\wwwroot\lib\bootstrap\dist\css\bootstrap.min.css = ..\New folder\wwwroot\lib\bootstrap\dist\css\bootstrap.min.css
		..\New folder\wwwroot\lib\bootstrap\dist\css\bootstrap.min.css.map = ..\New folder\wwwroot\lib\bootstrap\dist\css\bootstrap.min.css.map
	EndProjectSection
EndProject
Project("{2150E333-8FDC-42A3-9474-1A3956D46DE8}") = "fonts", "fonts", "{99B9A77B-F978-41A7-B2F0-8632ED424110}"
	ProjectSection(SolutionItems) = preProject
		..\New folder\wwwroot\lib\bootstrap\dist\fonts\glyphicons-halflings-regular.eot = ..\New folder\wwwroot\lib\bootstrap\dist\fonts\glyphicons-halflings-regular.eot
		..\New folder\wwwroot\lib\bootstrap\dist\fonts\glyphicons-halflings-regular.svg = ..\New folder\wwwroot\lib\bootstrap\dist\fonts\glyphicons-halflings-regular.svg
		..\New folder\wwwroot\lib\bootstrap\dist\fonts\glyphicons-halflings-regular.ttf = ..\New folder\wwwroot\lib\bootstrap\dist\fonts\glyphicons-halflings-regular.ttf
		..\New folder\wwwroot\lib\bootstrap\dist\fonts\glyphicons-halflings-regular.woff = ..\New folder\wwwroot\lib\bootstrap\dist\fonts\glyphicons-halflings-regular.woff
		..\New folder\wwwroot\lib\bootstrap\dist\fonts\glyphicons-halflings-regular.woff2 = ..\New folder\wwwroot\lib\bootstrap\dist\fonts\glyphicons-halflings-regular.woff2
	EndProjectSection
EndProject
Project("{2150E333-8FDC-42A3-9474-1A3956D46DE8}") = "js", "js", "{87649FBA-DAD6-4C07-BC71-72457B74E01F}"
	ProjectSection(SolutionItems) = preProject
		..\New folder\wwwroot\lib\bootstrap\dist\js\bootstrap.js = ..\New folder\wwwroot\lib\bootstrap\dist\js\bootstrap.js
		..\New folder\wwwroot\lib\bootstrap\dist\js\bootstrap.min.js = ..\New folder\wwwroot\lib\bootstrap\dist\js\bootstrap.min.js
		..\New folder\wwwroot\lib\bootstrap\dist\js\npm.js = ..\New folder\wwwroot\lib\bootstrap\dist\js\npm.js
	EndProjectSection
EndProject
Project("{2150E333-8FDC-42A3-9474-1A3956D46DE8}") = "ajax", "ajax", "{56268A24-4AAC-4C06-8FB6-E8B6B77B4454}"
	ProjectSection(SolutionItems) = preProject
		..\New folder\wwwroot\lib\jquery\src\ajax\jsonp.js = ..\New folder\wwwroot\lib\jquery\src\ajax\jsonp.js
		..\New folder\wwwroot\lib\jquery\src\ajax\load.js = ..\New folder\wwwroot\lib\jquery\src\ajax\load.js
		..\New folder\wwwroot\lib\jquery\src\ajax\parseXML.js = ..\New folder\wwwroot\lib\jquery\src\ajax\parseXML.js
		..\New folder\wwwroot\lib\jquery\src\ajax\script.js = ..\New folder\wwwroot\lib\jquery\src\ajax\script.js
		..\New folder\wwwroot\lib\jquery\src\ajax\xhr.js = ..\New folder\wwwroot\lib\jquery\src\ajax\xhr.js
	EndProjectSection
EndProject
Project("{2150E333-8FDC-42A3-9474-1A3956D46DE8}") = "attributes", "attributes", "{DEC23689-3EAE-4DA3-A045-5A9BC59151C7}"
	ProjectSection(SolutionItems) = preProject
		..\New folder\wwwroot\lib\jquery\src\attributes\attr.js = ..\New folder\wwwroot\lib\jquery\src\attributes\attr.js
		..\New folder\wwwroot\lib\jquery\src\attributes\classes.js = ..\New folder\wwwroot\lib\jquery\src\attributes\classes.js
		..\New folder\wwwroot\lib\jquery\src\attributes\prop.js = ..\New folder\wwwroot\lib\jquery\src\attributes\prop.js
		..\New folder\wwwroot\lib\jquery\src\attributes\support.js = ..\New folder\wwwroot\lib\jquery\src\attributes\support.js
		..\New folder\wwwroot\lib\jquery\src\attributes\val.js = ..\New folder\wwwroot\lib\jquery\src\attributes\val.js
	EndProjectSection
EndProject
Project("{2150E333-8FDC-42A3-9474-1A3956D46DE8}") = "core", "core", "{3D9D53AB-335B-4220-9BCA-728D75B4EC54}"
	ProjectSection(SolutionItems) = preProject
		..\New folder\wwwroot\lib\jquery\src\core\access.js = ..\New folder\wwwroot\lib\jquery\src\core\access.js
		..\New folder\wwwroot\lib\jquery\src\core\DOMEval.js = ..\New folder\wwwroot\lib\jquery\src\core\DOMEval.js
		..\New folder\wwwroot\lib\jquery\src\core\init.js = ..\New folder\wwwroot\lib\jquery\src\core\init.js
		..\New folder\wwwroot\lib\jquery\src\core\parseHTML.js = ..\New folder\wwwroot\lib\jquery\src\core\parseHTML.js
		..\New folder\wwwroot\lib\jquery\src\core\ready-no-deferred.js = ..\New folder\wwwroot\lib\jquery\src\core\ready-no-deferred.js
		..\New folder\wwwroot\lib\jquery\src\core\ready.js = ..\New folder\wwwroot\lib\jquery\src\core\ready.js
		..\New folder\wwwroot\lib\jquery\src\core\readyException.js = ..\New folder\wwwroot\lib\jquery\src\core\readyException.js
		..\New folder\wwwroot\lib\jquery\src\core\stripAndCollapse.js = ..\New folder\wwwroot\lib\jquery\src\core\stripAndCollapse.js
		..\New folder\wwwroot\lib\jquery\src\core\support.js = ..\New folder\wwwroot\lib\jquery\src\core\support.js
	EndProjectSection
EndProject
Project("{2150E333-8FDC-42A3-9474-1A3956D46DE8}") = "css", "css", "{E368DCF9-D5D2-4527-B0B0-287E42EE3E2F}"
	ProjectSection(SolutionItems) = preProject
		..\New folder\wwwroot\lib\jquery\src\css\addGetHookIf.js = ..\New folder\wwwroot\lib\jquery\src\css\addGetHookIf.js
		..\New folder\wwwroot\lib\jquery\src\css\adjustCSS.js = ..\New folder\wwwroot\lib\jquery\src\css\adjustCSS.js
		..\New folder\wwwroot\lib\jquery\src\css\curCSS.js = ..\New folder\wwwroot\lib\jquery\src\css\curCSS.js
		..\New folder\wwwroot\lib\jquery\src\css\hiddenVisibleSelectors.js = ..\New folder\wwwroot\lib\jquery\src\css\hiddenVisibleSelectors.js
		..\New folder\wwwroot\lib\jquery\src\css\showHide.js = ..\New folder\wwwroot\lib\jquery\src\css\showHide.js
		..\New folder\wwwroot\lib\jquery\src\css\support.js = ..\New folder\wwwroot\lib\jquery\src\css\support.js
	EndProjectSection
EndProject
Project("{2150E333-8FDC-42A3-9474-1A3956D46DE8}") = "data", "data", "{A4184FC3-14FE-4A1D-98B0-0CFC59E819E4}"
	ProjectSection(SolutionItems) = preProject
		..\New folder\wwwroot\lib\jquery\src\data\Data.js = ..\New folder\wwwroot\lib\jquery\src\data\Data.js
	EndProjectSection
EndProject
Project("{2150E333-8FDC-42A3-9474-1A3956D46DE8}") = "deferred", "deferred", "{8AFB35BA-0069-4632-9A84-1F42AAA1871E}"
	ProjectSection(SolutionItems) = preProject
		..\New folder\wwwroot\lib\jquery\src\deferred\exceptionHook.js = ..\New folder\wwwroot\lib\jquery\src\deferred\exceptionHook.js
	EndProjectSection
EndProject
Project("{2150E333-8FDC-42A3-9474-1A3956D46DE8}") = "effects", "effects", "{962F5B9B-0759-4A37-9F71-7F1E72572A51}"
	ProjectSection(SolutionItems) = preProject
		..\New folder\wwwroot\lib\jquery\src\effects\animatedSelector.js = ..\New folder\wwwroot\lib\jquery\src\effects\animatedSelector.js
		..\New folder\wwwroot\lib\jquery\src\effects\Tween.js = ..\New folder\wwwroot\lib\jquery\src\effects\Tween.js
	EndProjectSection
EndProject
Project("{2150E333-8FDC-42A3-9474-1A3956D46DE8}") = "event", "event", "{7E7062F2-030D-4803-AC11-F6E379A4A7DD}"
	ProjectSection(SolutionItems) = preProject
		..\New folder\wwwroot\lib\jquery\src\event\ajax.js = ..\New folder\wwwroot\lib\jquery\src\event\ajax.js
		..\New folder\wwwroot\lib\jquery\src\event\alias.js = ..\New folder\wwwroot\lib\jquery\src\event\alias.js
		..\New folder\wwwroot\lib\jquery\src\event\focusin.js = ..\New folder\wwwroot\lib\jquery\src\event\focusin.js
		..\New folder\wwwroot\lib\jquery\src\event\support.js = ..\New folder\wwwroot\lib\jquery\src\event\support.js
		..\New folder\wwwroot\lib\jquery\src\event\trigger.js = ..\New folder\wwwroot\lib\jquery\src\event\trigger.js
	EndProjectSection
EndProject
Project("{2150E333-8FDC-42A3-9474-1A3956D46DE8}") = "exports", "exports", "{9379DFF2-C591-44A8-9078-09096461DE31}"
	ProjectSection(SolutionItems) = preProject
		..\New folder\wwwroot\lib\jquery\src\exports\amd.js = ..\New folder\wwwroot\lib\jquery\src\exports\amd.js
		..\New folder\wwwroot\lib\jquery\src\exports\global.js = ..\New folder\wwwroot\lib\jquery\src\exports\global.js
	EndProjectSection
EndProject
Project("{2150E333-8FDC-42A3-9474-1A3956D46DE8}") = "manipulation", "manipulation", "{932F8ED0-F22B-4B12-A0AB-73BAD8A4B54E}"
	ProjectSection(SolutionItems) = preProject
		..\New folder\wwwroot\lib\jquery\src\manipulation\_evalUrl.js = ..\New folder\wwwroot\lib\jquery\src\manipulation\_evalUrl.js
		..\New folder\wwwroot\lib\jquery\src\manipulation\buildFragment.js = ..\New folder\wwwroot\lib\jquery\src\manipulation\buildFragment.js
		..\New folder\wwwroot\lib\jquery\src\manipulation\getAll.js = ..\New folder\wwwroot\lib\jquery\src\manipulation\getAll.js
		..\New folder\wwwroot\lib\jquery\src\manipulation\setGlobalEval.js = ..\New folder\wwwroot\lib\jquery\src\manipulation\setGlobalEval.js
		..\New folder\wwwroot\lib\jquery\src\manipulation\support.js = ..\New folder\wwwroot\lib\jquery\src\manipulation\support.js
		..\New folder\wwwroot\lib\jquery\src\manipulation\wrapMap.js = ..\New folder\wwwroot\lib\jquery\src\manipulation\wrapMap.js
	EndProjectSection
EndProject
Project("{2150E333-8FDC-42A3-9474-1A3956D46DE8}") = "queue", "queue", "{8A0F2E40-5020-4145-BCFB-796131245EE9}"
	ProjectSection(SolutionItems) = preProject
		..\New folder\wwwroot\lib\jquery\src\queue\delay.js = ..\New folder\wwwroot\lib\jquery\src\queue\delay.js
	EndProjectSection
EndProject
Project("{2150E333-8FDC-42A3-9474-1A3956D46DE8}") = "var", "var", "{C6BB5479-E686-484D-BF42-8B6BFD05D749}"
	ProjectSection(SolutionItems) = preProject
		..\New folder\wwwroot\lib\jquery\src\var\arr.js = ..\New folder\wwwroot\lib\jquery\src\var\arr.js
		..\New folder\wwwroot\lib\jquery\src\var\class2type.js = ..\New folder\wwwroot\lib\jquery\src\var\class2type.js
		..\New folder\wwwroot\lib\jquery\src\var\concat.js = ..\New folder\wwwroot\lib\jquery\src\var\concat.js
		..\New folder\wwwroot\lib\jquery\src\var\document.js = ..\New folder\wwwroot\lib\jquery\src\var\document.js
		..\New folder\wwwroot\lib\jquery\src\var\documentElement.js = ..\New folder\wwwroot\lib\jquery\src\var\documentElement.js
		..\New folder\wwwroot\lib\jquery\src\var\fnToString.js = ..\New folder\wwwroot\lib\jquery\src\var\fnToString.js
		..\New folder\wwwroot\lib\jquery\src\var\getProto.js = ..\New folder\wwwroot\lib\jquery\src\var\getProto.js
		..\New folder\wwwroot\lib\jquery\src\var\hasOwn.js = ..\New folder\wwwroot\lib\jquery\src\var\hasOwn.js
		..\New folder\wwwroot\lib\jquery\src\var\indexOf.js = ..\New folder\wwwroot\lib\jquery\src\var\indexOf.js
		..\New folder\wwwroot\lib\jquery\src\var\ObjectFunctionString.js = ..\New folder\wwwroot\lib\jquery\src\var\ObjectFunctionString.js
		..\New folder\wwwroot\lib\jquery\src\var\pnum.js = ..\New folder\wwwroot\lib\jquery\src\var\pnum.js
		..\New folder\wwwroot\lib\jquery\src\var\push.js = ..\New folder\wwwroot\lib\jquery\src\var\push.js
		..\New folder\wwwroot\lib\jquery\src\var\rcssNum.js = ..\New folder\wwwroot\lib\jquery\src\var\rcssNum.js
		..\New folder\wwwroot\lib\jquery\src\var\rnothtmlwhite.js = ..\New folder\wwwroot\lib\jquery\src\var\rnothtmlwhite.js
		..\New folder\wwwroot\lib\jquery\src\var\slice.js = ..\New folder\wwwroot\lib\jquery\src\var\slice.js
		..\New folder\wwwroot\lib\jquery\src\var\support.js = ..\New folder\wwwroot\lib\jquery\src\var\support.js
		..\New folder\wwwroot\lib\jquery\src\var\toString.js = ..\New folder\wwwroot\lib\jquery\src\var\toString.js
	EndProjectSection
EndProject
Project("{2150E333-8FDC-42A3-9474-1A3956D46DE8}") = "traversing", "traversing", "{22665981-809F-4E03-B371-D666455B206B}"
	ProjectSection(SolutionItems) = preProject
		..\New folder\wwwroot\lib\jquery\src\traversing\findFilter.js = ..\New folder\wwwroot\lib\jquery\src\traversing\findFilter.js
	EndProjectSection
EndProject
Project("{2150E333-8FDC-42A3-9474-1A3956D46DE8}") = "var", "var", "{0E8F9CCE-450A-4E62-812D-E2427C589C8C}"
	ProjectSection(SolutionItems) = preProject
		..\New folder\wwwroot\lib\jquery\src\traversing\var\dir.js = ..\New folder\wwwroot\lib\jquery\src\traversing\var\dir.js
		..\New folder\wwwroot\lib\jquery\src\traversing\var\rneedsContext.js = ..\New folder\wwwroot\lib\jquery\src\traversing\var\rneedsContext.js
		..\New folder\wwwroot\lib\jquery\src\traversing\var\siblings.js = ..\New folder\wwwroot\lib\jquery\src\traversing\var\siblings.js
	EndProjectSection
EndProject
Project("{2150E333-8FDC-42A3-9474-1A3956D46DE8}") = "var", "var", "{CD4B0577-EAFA-4417-94ED-FAC1B86C26C7}"
	ProjectSection(SolutionItems) = preProject
		..\New folder\wwwroot\lib\jquery\src\ajax\var\location.js = ..\New folder\wwwroot\lib\jquery\src\ajax\var\location.js
		..\New folder\wwwroot\lib\jquery\src\ajax\var\nonce.js = ..\New folder\wwwroot\lib\jquery\src\ajax\var\nonce.js
		..\New folder\wwwroot\lib\jquery\src\ajax\var\rquery.js = ..\New folder\wwwroot\lib\jquery\src\ajax\var\rquery.js
	EndProjectSection
EndProject
Project("{2150E333-8FDC-42A3-9474-1A3956D46DE8}") = "var", "var", "{6D329D92-1AAD-4159-A0F3-12383BE361AF}"
	ProjectSection(SolutionItems) = preProject
		..\New folder\wwwroot\lib\jquery\src\core\var\rsingleTag.js = ..\New folder\wwwroot\lib\jquery\src\core\var\rsingleTag.js
	EndProjectSection
EndProject
Project("{2150E333-8FDC-42A3-9474-1A3956D46DE8}") = "var", "var", "{DF7469C0-9BE6-4E2C-A1D5-F3687BB6B550}"
	ProjectSection(SolutionItems) = preProject
		..\New folder\wwwroot\lib\jquery\src\css\var\cssExpand.js = ..\New folder\wwwroot\lib\jquery\src\css\var\cssExpand.js
		..\New folder\wwwroot\lib\jquery\src\css\var\getStyles.js = ..\New folder\wwwroot\lib\jquery\src\css\var\getStyles.js
		..\New folder\wwwroot\lib\jquery\src\css\var\isHiddenWithinTree.js = ..\New folder\wwwroot\lib\jquery\src\css\var\isHiddenWithinTree.js
		..\New folder\wwwroot\lib\jquery\src\css\var\rmargin.js = ..\New folder\wwwroot\lib\jquery\src\css\var\rmargin.js
		..\New folder\wwwroot\lib\jquery\src\css\var\rnumnonpx.js = ..\New folder\wwwroot\lib\jquery\src\css\var\rnumnonpx.js
		..\New folder\wwwroot\lib\jquery\src\css\var\swap.js = ..\New folder\wwwroot\lib\jquery\src\css\var\swap.js
	EndProjectSection
EndProject
Project("{2150E333-8FDC-42A3-9474-1A3956D46DE8}") = "var", "var", "{92DF780F-56C6-40F2-BE3C-B2D1395970E4}"
	ProjectSection(SolutionItems) = preProject
		..\New folder\wwwroot\lib\jquery\src\data\var\acceptData.js = ..\New folder\wwwroot\lib\jquery\src\data\var\acceptData.js
		..\New folder\wwwroot\lib\jquery\src\data\var\dataPriv.js = ..\New folder\wwwroot\lib\jquery\src\data\var\dataPriv.js
		..\New folder\wwwroot\lib\jquery\src\data\var\dataUser.js = ..\New folder\wwwroot\lib\jquery\src\data\var\dataUser.js
	EndProjectSection
EndProject
Project("{2150E333-8FDC-42A3-9474-1A3956D46DE8}") = "var", "var", "{F1D60CCB-B451-4B06-B0FC-746F2759999B}"
	ProjectSection(SolutionItems) = preProject
		..\New folder\wwwroot\lib\jquery\src\manipulation\var\rcheckableType.js = ..\New folder\wwwroot\lib\jquery\src\manipulation\var\rcheckableType.js
		..\New folder\wwwroot\lib\jquery\src\manipulation\var\rscriptType.js = ..\New folder\wwwroot\lib\jquery\src\manipulation\var\rscriptType.js
		..\New folder\wwwroot\lib\jquery\src\manipulation\var\rtagName.js = ..\New folder\wwwroot\lib\jquery\src\manipulation\var\rtagName.js
	EndProjectSection
EndProject
Global
	GlobalSection(SolutionProperties) = preSolution
		HideSolutionNode = FALSE
	EndGlobalSection
	GlobalSection(NestedProjects) = preSolution
		{EC6C8537-27EA-4E14-9205-3FD158B9D8FD} = {010AA767-F1D2-4FD8-AFCA-3D0CE7F59395}
		{9CBBED2A-52DB-4559-94F6-08936944C65E} = {010AA767-F1D2-4FD8-AFCA-3D0CE7F59395}
		{D6F3611F-036F-42CE-9027-C37FAAACA68C} = {010AA767-F1D2-4FD8-AFCA-3D0CE7F59395}
		{4C2A92EC-E936-4B8C-8116-77373AF148C8} = {010AA767-F1D2-4FD8-AFCA-3D0CE7F59395}
		{C38D5883-2981-4FE3-A6CB-17D35435C7FF} = {010AA767-F1D2-4FD8-AFCA-3D0CE7F59395}
		{F5E5CE95-846E-47BF-B3B3-F6A9BCD3B749} = {010AA767-F1D2-4FD8-AFCA-3D0CE7F59395}
		{C221793B-5623-464C-917D-1D5F42B6A0EA} = {010AA767-F1D2-4FD8-AFCA-3D0CE7F59395}
		{2155FE5F-EDCB-4F31-B655-7C28542E740B} = {010AA767-F1D2-4FD8-AFCA-3D0CE7F59395}
		{6FE8B1EC-DA5D-42E0-9DA4-59E7298496E9} = {2155FE5F-EDCB-4F31-B655-7C28542E740B}
		{01739F0D-3577-4167-A85A-630CD27AAAD9} = {2155FE5F-EDCB-4F31-B655-7C28542E740B}
		{949B0BF7-20E6-4899-A20C-419FDC49083C} = {2155FE5F-EDCB-4F31-B655-7C28542E740B}
		{7652F62A-825F-4797-AFC8-5E95EC048474} = {C221793B-5623-464C-917D-1D5F42B6A0EA}
		{12115F43-BBC0-4ABE-813A-5E11B862F22A} = {C221793B-5623-464C-917D-1D5F42B6A0EA}
		{68A1BA49-CAF3-40FB-96CE-F687B685F091} = {C221793B-5623-464C-917D-1D5F42B6A0EA}
		{AEDC9760-1CC6-43FA-9C58-03FC702300E5} = {C221793B-5623-464C-917D-1D5F42B6A0EA}
		{8E5180EF-B2BB-4505-8F47-3D85D69CA2A9} = {C221793B-5623-464C-917D-1D5F42B6A0EA}
		{3C71D10F-4F74-4B79-9025-FE77BD5FC978} = {C221793B-5623-464C-917D-1D5F42B6A0EA}
		{D6F83D41-1D95-4DBE-B1E4-EB223259A6DD} = {C221793B-5623-464C-917D-1D5F42B6A0EA}
		{15709B78-B202-4B2C-844D-3029009E6B03} = {C221793B-5623-464C-917D-1D5F42B6A0EA}
		{2964FE55-0F3B-4BA9-8461-53E5C9543772} = {D6F83D41-1D95-4DBE-B1E4-EB223259A6DD}
		{4590AA94-5E06-48E5-B2C3-6BBD8F274AA0} = {2964FE55-0F3B-4BA9-8461-53E5C9543772}
		{9CA443B9-29B9-41E3-8C5B-761076F20F63} = {2964FE55-0F3B-4BA9-8461-53E5C9543772}
		{89CF21B7-4998-4771-8EFC-D0697FE949BC} = {D6F3611F-036F-42CE-9027-C37FAAACA68C}
		{4F5267B2-3500-4519-81F2-2DA7DE6223BC} = {D6F3611F-036F-42CE-9027-C37FAAACA68C}
		{190678DF-EFF1-4881-9C89-4B15F854C682} = {D6F3611F-036F-42CE-9027-C37FAAACA68C}
		{EE4FBA71-78D2-48E1-BA64-6D5CB4654C42} = {D6F3611F-036F-42CE-9027-C37FAAACA68C}
		{1896EFEC-BF61-4118-906B-574C4EFABFDE} = {949B0BF7-20E6-4899-A20C-419FDC49083C}
		{17BA5147-105A-46F1-A5EE-18132CCE0A74} = {949B0BF7-20E6-4899-A20C-419FDC49083C}
		{B7AE37AA-67FA-439E-A401-59B12B85A8A0} = {17BA5147-105A-46F1-A5EE-18132CCE0A74}
		{B4444EAD-3AF0-44FA-A54E-3A4CCA336F83} = {17BA5147-105A-46F1-A5EE-18132CCE0A74}
		{5DFC0157-5A4B-4CB0-A88D-F3A13E217D0C} = {17BA5147-105A-46F1-A5EE-18132CCE0A74}
		{C138CCE2-F519-4740-B570-6E8C03E378D7} = {B4444EAD-3AF0-44FA-A54E-3A4CCA336F83}
		{3B9DD242-EA28-4FB1-8DDE-C374CBCCBC4D} = {C138CCE2-F519-4740-B570-6E8C03E378D7}
		{D68BD093-F0D8-4570-99A5-E950DFB148D8} = {1896EFEC-BF61-4118-906B-574C4EFABFDE}
		{CEC441B9-80A0-45A1-9B11-2426321FF6AC} = {1896EFEC-BF61-4118-906B-574C4EFABFDE}
		{871B9439-0DD2-4BE6-BA03-6656EB282AA1} = {1896EFEC-BF61-4118-906B-574C4EFABFDE}
		{3B9ADAD0-6EC2-48AE-AFB9-88DC43E16C47} = {1896EFEC-BF61-4118-906B-574C4EFABFDE}
		{C22508F9-0974-4270-9A13-1237BCAFDDB1} = {1896EFEC-BF61-4118-906B-574C4EFABFDE}
		{94E1679E-587A-4BC1-BF76-DE0817AA3F21} = {1896EFEC-BF61-4118-906B-574C4EFABFDE}
		{04937946-E56C-4D8B-8598-435082648260} = {C22508F9-0974-4270-9A13-1237BCAFDDB1}
		{82A61694-3258-4C5B-9BB3-61956D57CA14} = {D68BD093-F0D8-4570-99A5-E950DFB148D8}
		{99B9A77B-F978-41A7-B2F0-8632ED424110} = {D68BD093-F0D8-4570-99A5-E950DFB148D8}
		{87649FBA-DAD6-4C07-BC71-72457B74E01F} = {D68BD093-F0D8-4570-99A5-E950DFB148D8}
		{56268A24-4AAC-4C06-8FB6-E8B6B77B4454} = {5DFC0157-5A4B-4CB0-A88D-F3A13E217D0C}
		{DEC23689-3EAE-4DA3-A045-5A9BC59151C7} = {5DFC0157-5A4B-4CB0-A88D-F3A13E217D0C}
		{3D9D53AB-335B-4220-9BCA-728D75B4EC54} = {5DFC0157-5A4B-4CB0-A88D-F3A13E217D0C}
		{E368DCF9-D5D2-4527-B0B0-287E42EE3E2F} = {5DFC0157-5A4B-4CB0-A88D-F3A13E217D0C}
		{A4184FC3-14FE-4A1D-98B0-0CFC59E819E4} = {5DFC0157-5A4B-4CB0-A88D-F3A13E217D0C}
		{8AFB35BA-0069-4632-9A84-1F42AAA1871E} = {5DFC0157-5A4B-4CB0-A88D-F3A13E217D0C}
		{962F5B9B-0759-4A37-9F71-7F1E72572A51} = {5DFC0157-5A4B-4CB0-A88D-F3A13E217D0C}
		{7E7062F2-030D-4803-AC11-F6E379A4A7DD} = {5DFC0157-5A4B-4CB0-A88D-F3A13E217D0C}
		{9379DFF2-C591-44A8-9078-09096461DE31} = {5DFC0157-5A4B-4CB0-A88D-F3A13E217D0C}
		{932F8ED0-F22B-4B12-A0AB-73BAD8A4B54E} = {5DFC0157-5A4B-4CB0-A88D-F3A13E217D0C}
		{8A0F2E40-5020-4145-BCFB-796131245EE9} = {5DFC0157-5A4B-4CB0-A88D-F3A13E217D0C}
		{C6BB5479-E686-484D-BF42-8B6BFD05D749} = {5DFC0157-5A4B-4CB0-A88D-F3A13E217D0C}
		{22665981-809F-4E03-B371-D666455B206B} = {5DFC0157-5A4B-4CB0-A88D-F3A13E217D0C}
		{0E8F9CCE-450A-4E62-812D-E2427C589C8C} = {22665981-809F-4E03-B371-D666455B206B}
		{CD4B0577-EAFA-4417-94ED-FAC1B86C26C7} = {56268A24-4AAC-4C06-8FB6-E8B6B77B4454}
		{6D329D92-1AAD-4159-A0F3-12383BE361AF} = {3D9D53AB-335B-4220-9BCA-728D75B4EC54}
		{DF7469C0-9BE6-4E2C-A1D5-F3687BB6B550} = {E368DCF9-D5D2-4527-B0B0-287E42EE3E2F}
		{92DF780F-56C6-40F2-BE3C-B2D1395970E4} = {A4184FC3-14FE-4A1D-98B0-0CFC59E819E4}
		{F1D60CCB-B451-4B06-B0FC-746F2759999B} = {932F8ED0-F22B-4B12-A0AB-73BAD8A4B54E}
	EndGlobalSection
	GlobalSection(ExtensibilityGlobals) = postSolution
		SolutionGuid = {84872475-6877-4E10-80E4-AEF6E0F43FEF}
	EndGlobalSection
EndGlobal
